{
  "requires": true,
  "lockfileVersion": 1,
  "dependencies": {
    "@types/jquery": {
      "version": "2.0.54",
      "resolved": "https://registry.npmjs.org/@types/jquery/-/jquery-2.0.54.tgz",
      "integrity": "sha512-D/PomKwNkDfSKD13DEVQT/pq2TUjN54c6uB341fEZanIzkjfGe7UaFuuaLZbpEiS5j7Wk2MUHAZqZIoECw29lg=="
    },
    "@types/select2": {
      "version": "4.0.42",
      "resolved": "https://registry.npmjs.org/@types/select2/-/select2-4.0.42.tgz",
      "integrity": "sha512-RsbJa95gWRKSLqAvduMPpfmxh/9rM94DB7fdvsXD1eLh2KlJMyEKQaEbntUpkSiz4FYoeQohADWMSswN3Qesvw==",
      "requires": {
        "@types/jquery": "*"
      }
    },
    "ng2-select2": {
      "version": "1.0.0-beta.16",
      "resolved": "https://registry.npmjs.org/ng2-select2/-/ng2-select2-1.0.0-beta.16.tgz",
      "integrity": "sha512-0a+/paD491mqlGXlB1SQ4XqmANTUtl6nOVzFUl/nUS1dwGWZoBY5FVYvUEBaJpIWO3hBFtSazq7lAe8rslEUjA==",
      "requires": {
        "@types/jquery": "^2.0.39",
        "@types/select2": "4.0.42"
      }
    }
  }
}
